
Microsoft Visual Studio Solution File, Format Version 12.00
# Visual Studio 15
Project("{FAE04EC0-301F-11D3-BF4B-00C04F79EFBC}") = "Calcolatrice.Android", "Calcolatrice.Android\Calcolatrice.Android.csproj", "{F05801DF-D28D-4E32-9D74-7A76C9521DC1}"
EndProject
Project("{FAE04EC0-301F-11D3-BF4B-00C04F79EFBC}") = "Calcolatrice.iOS", "Calcolatrice.iOS\Calcolatrice.iOS.csproj", "{10D2C14C-3D69-4BBB-8FDD-BF7E94DBBE09}"
EndProject
Project("{FAE04EC0-301F-11D3-BF4B-00C04F79EFBC}") = "Calcolatrice", "Calcolatrice\Calcolatrice.csproj", "{C14CA96D-47B1-4B6B-8DF2-84BC95180870}"
EndProject
Global
	GlobalSection(SolutionConfigurationPlatforms) = preSolution
		Debug|Any CPU = Debug|Any CPU
		Release|Any CPU = Release|Any CPU
		Debug|iPhoneSimulator = Debug|iPhoneSimulator
		Release|iPhoneSimulator = Release|iPhoneSimulator
		Debug|iPhone = Debug|iPhone
		Release|iPhone = Release|iPhone
	EndGlobalSection
	GlobalSection(ProjectConfigurationPlatforms) = postSolution
		{F05801DF-D28D-4E32-9D74-7A76C9521DC1}.Debug|Any CPU.ActiveCfg = Debug|Any CPU
		{F05801DF-D28D-4E32-9D74-7A76C9521DC1}.Debug|Any CPU.Build.0 = Debug|Any CPU
		{F05801DF-D28D-4E32-9D74-7A76C9521DC1}.Release|Any CPU.ActiveCfg = Release|Any CPU
		{F05801DF-D28D-4E32-9D74-7A76C9521DC1}.Release|Any CPU.Build.0 = Release|Any CPU
		{F05801DF-D28D-4E32-9D74-7A76C9521DC1}.Debug|iPhoneSimulator.ActiveCfg = Debug|Any CPU
		{F05801DF-D28D-4E32-9D74-7A76C9521DC1}.Debug|iPhoneSimulator.Build.0 = Debug|Any CPU
		{F05801DF-D28D-4E32-9D74-7A76C9521DC1}.Release|iPhoneSimulator.ActiveCfg = Release|Any CPU
		{F05801DF-D28D-4E32-9D74-7A76C9521DC1}.Release|iPhoneSimulator.Build.0 = Release|Any CPU
		{F05801DF-D28D-4E32-9D74-7A76C9521DC1}.Debug|iPhone.ActiveCfg = Debug|Any CPU
		{F05801DF-D28D-4E32-9D74-7A76C9521DC1}.Debug|iPhone.Build.0 = Debug|Any CPU
		{F05801DF-D28D-4E32-9D74-7A76C9521DC1}.Release|iPhone.ActiveCfg = Release|Any CPU
		{F05801DF-D28D-4E32-9D74-7A76C9521DC1}.Release|iPhone.Build.0 = Release|Any CPU
		{10D2C14C-3D69-4BBB-8FDD-BF7E94DBBE09}.Debug|Any CPU.ActiveCfg = Debug|iPhoneSimulator
		{10D2C14C-3D69-4BBB-8FDD-BF7E94DBBE09}.Debug|Any CPU.Build.0 = Debug|iPhoneSimulator
		{10D2C14C-3D69-4BBB-8FDD-BF7E94DBBE09}.Release|Any CPU.ActiveCfg = Release|iPhoneSimulator
		{10D2C14C-3D69-4BBB-8FDD-BF7E94DBBE09}.Release|Any CPU.Build.0 = Release|iPhoneSimulator
		{10D2C14C-3D69-4BBB-8FDD-BF7E94DBBE09}.Debug|iPhoneSimulator.ActiveCfg = Debug|iPhoneSimulator
		{10D2C14C-3D69-4BBB-8FDD-BF7E94DBBE09}.Debug|iPhoneSimulator.Build.0 = Debug|iPhoneSimulator
		{10D2C14C-3D69-4BBB-8FDD-BF7E94DBBE09}.Release|iPhoneSimulator.ActiveCfg = Release|iPhoneSimulator
		{10D2C14C-3D69-4BBB-8FDD-BF7E94DBBE09}.Release|iPhoneSimulator.Build.0 = Release|iPhoneSimulator
		{10D2C14C-3D69-4BBB-8FDD-BF7E94DBBE09}.Debug|iPhone.ActiveCfg = Debug|iPhone
		{10D2C14C-3D69-4BBB-8FDD-BF7E94DBBE09}.Debug|iPhone.Build.0 = Debug|iPhone
		{10D2C14C-3D69-4BBB-8FDD-BF7E94DBBE09}.Release|iPhone.ActiveCfg = Release|iPhone
		{10D2C14C-3D69-4BBB-8FDD-BF7E94DBBE09}.Release|iPhone.Build.0 = Release|iPhone
		{C14CA96D-47B1-4B6B-8DF2-84BC95180870}.Debug|Any CPU.ActiveCfg = Debug|Any CPU
		{C14CA96D-47B1-4B6B-8DF2-84BC95180870}.Debug|Any CPU.Build.0 = Debug|Any CPU
		{C14CA96D-47B1-4B6B-8DF2-84BC95180870}.Release|Any CPU.ActiveCfg = Release|Any CPU
		{C14CA96D-47B1-4B6B-8DF2-84BC95180870}.Release|Any CPU.Build.0 = Release|Any CPU
		{C14CA96D-47B1-4B6B-8DF2-84BC95180870}.Debug|iPhoneSimulator.ActiveCfg = Debug|Any CPU
		{C14CA96D-47B1-4B6B-8DF2-84BC95180870}.Debug|iPhoneSimulator.Build.0 = Debug|Any CPU
		{C14CA96D-47B1-4B6B-8DF2-84BC95180870}.Release|iPhoneSimulator.ActiveCfg = Release|Any CPU
		{C14CA96D-47B1-4B6B-8DF2-84BC95180870}.Release|iPhoneSimulator.Build.0 = Release|Any CPU
		{C14CA96D-47B1-4B6B-8DF2-84BC95180870}.Debug|iPhone.ActiveCfg = Debug|Any CPU
		{C14CA96D-47B1-4B6B-8DF2-84BC95180870}.Debug|iPhone.Build.0 = Debug|Any CPU
		{C14CA96D-47B1-4B6B-8DF2-84BC95180870}.Release|iPhone.ActiveCfg = Release|Any CPU
		{C14CA96D-47B1-4B6B-8DF2-84BC95180870}.Release|iPhone.Build.0 = Release|Any CPU
	EndGlobalSection
EndGlobal
